<Solution>
  <!-- BuildingBlocks -->
  <Folder Name="/BuildingBlocks/">
    <Project Path="src/BuildingBlocks/EnglishTutor.BuildingBlocks.Domain/EnglishTutor.BuildingBlocks.Domain.csproj" />
    <Project Path="src/BuildingBlocks/EnglishTutor.BuildingBlocks.Application/EnglishTutor.BuildingBlocks.Application.csproj" />
    <Project Path="src/BuildingBlocks/EnglishTutor.BuildingBlocks.Infrastructure/EnglishTutor.BuildingBlocks.Infrastructure.csproj" />
    <Project Path="src/BuildingBlocks/EnglishTutor.BuildingBlocks.Presentation/EnglishTutor.BuildingBlocks.Presentation.csproj" />
    <Project Path="src/BuildingBlocks/EnglishTutor.BuildingBlocks.EventBus/EnglishTutor.BuildingBlocks.EventBus.csproj" />
    <Project Path="src/BuildingBlocks/EnglishTutor.BuildingBlocks.Outbox/EnglishTutor.BuildingBlocks.Outbox.csproj" />
    <Project Path="src/BuildingBlocks/EnglishTutor.BuildingBlocks.SharedKernel/EnglishTutor.BuildingBlocks.SharedKernel.csproj" />
  </Folder>

  <!-- Bootstrapper -->
  <Folder Name="/Bootstrapper/">
    <Project Path="src/Bootstrapper/EnglishTutor.AppHost/EnglishTutor.AppHost.csproj" />
    <Project Path="src/Bootstrapper/EnglishTutor.Api/EnglishTutor.Api.csproj" />
    <Project Path="src/Bootstrapper/EnglishTutor.Worker/EnglishTutor.Worker.csproj" />
  </Folder>

  <!-- Modules/Auth -->
  <Folder Name="/Modules/Auth/">
    <Project Path="src/Modules/Auth/EnglishTutor.Modules.Auth.Domain/EnglishTutor.Modules.Auth.Domain.csproj" />
    <Project Path="src/Modules/Auth/EnglishTutor.Modules.Auth.Application/EnglishTutor.Modules.Auth.Application.csproj" />
    <Project Path="src/Modules/Auth/EnglishTutor.Modules.Auth.Infrastructure/EnglishTutor.Modules.Auth.Infrastructure.csproj" />
    <Project Path="src/Modules/Auth/EnglishTutor.Modules.Auth.Presentation/EnglishTutor.Modules.Auth.Presentation.csproj" />
    <Project Path="src/Modules/Auth/EnglishTutor.Modules.Auth.Contracts/EnglishTutor.Modules.Auth.Contracts.csproj" />
  </Folder>

  <!-- Modules/Users -->
  <Folder Name="/Modules/Users/">
    <Project Path="src/Modules/Users/EnglishTutor.Modules.Users.Domain/EnglishTutor.Modules.Users.Domain.csproj" />
    <Project Path="src/Modules/Users/EnglishTutor.Modules.Users.Application/EnglishTutor.Modules.Users.Application.csproj" />
    <Project Path="src/Modules/Users/EnglishTutor.Modules.Users.Infrastructure/EnglishTutor.Modules.Users.Infrastructure.csproj" />
    <Project Path="src/Modules/Users/EnglishTutor.Modules.Users.Presentation/EnglishTutor.Modules.Users.Presentation.csproj" />
    <Project Path="src/Modules/Users/EnglishTutor.Modules.Users.Contracts/EnglishTutor.Modules.Users.Contracts.csproj" />
  </Folder>

  <!-- Modules/StudyPlans -->
  <Folder Name="/Modules/StudyPlans/">
    <Project Path="src/Modules/StudyPlans/EnglishTutor.Modules.StudyPlans.Domain/EnglishTutor.Modules.StudyPlans.Domain.csproj" />
    <Project Path="src/Modules/StudyPlans/EnglishTutor.Modules.StudyPlans.Application/EnglishTutor.Modules.StudyPlans.Application.csproj" />
    <Project Path="src/Modules/StudyPlans/EnglishTutor.Modules.StudyPlans.Infrastructure/EnglishTutor.Modules.StudyPlans.Infrastructure.csproj" />
    <Project Path="src/Modules/StudyPlans/EnglishTutor.Modules.StudyPlans.Presentation/EnglishTutor.Modules.StudyPlans.Presentation.csproj" />
    <Project Path="src/Modules/StudyPlans/EnglishTutor.Modules.StudyPlans.Contracts/EnglishTutor.Modules.StudyPlans.Contracts.csproj" />
  </Folder>

  <!-- Modules/LearningContent -->
  <Folder Name="/Modules/LearningContent/">
    <Project Path="src/Modules/LearningContent/EnglishTutor.Modules.LearningContent.Domain/EnglishTutor.Modules.LearningContent.Domain.csproj" />
    <Project Path="src/Modules/LearningContent/EnglishTutor.Modules.LearningContent.Application/EnglishTutor.Modules.LearningContent.Application.csproj" />
    <Project Path="src/Modules/LearningContent/EnglishTutor.Modules.LearningContent.Infrastructure/EnglishTutor.Modules.LearningContent.Infrastructure.csproj" />
    <Project Path="src/Modules/LearningContent/EnglishTutor.Modules.LearningContent.Presentation/EnglishTutor.Modules.LearningContent.Presentation.csproj" />
    <Project Path="src/Modules/LearningContent/EnglishTutor.Modules.LearningContent.Contracts/EnglishTutor.Modules.LearningContent.Contracts.csproj" />
  </Folder>

  <!-- Modules/Vocabulary -->
  <Folder Name="/Modules/Vocabulary/">
    <Project Path="src/Modules/Vocabulary/EnglishTutor.Modules.Vocabulary.Domain/EnglishTutor.Modules.Vocabulary.Domain.csproj" />
    <Project Path="src/Modules/Vocabulary/EnglishTutor.Modules.Vocabulary.Application/EnglishTutor.Modules.Vocabulary.Application.csproj" />
    <Project Path="src/Modules/Vocabulary/EnglishTutor.Modules.Vocabulary.Infrastructure/EnglishTutor.Modules.Vocabulary.Infrastructure.csproj" />
    <Project Path="src/Modules/Vocabulary/EnglishTutor.Modules.Vocabulary.Presentation/EnglishTutor.Modules.Vocabulary.Presentation.csproj" />
    <Project Path="src/Modules/Vocabulary/EnglishTutor.Modules.Vocabulary.Contracts/EnglishTutor.Modules.Vocabulary.Contracts.csproj" />
  </Folder>

  <!-- Modules/Exercises -->
  <Folder Name="/Modules/Exercises/">
    <Project Path="src/Modules/Exercises/EnglishTutor.Modules.Exercises.Domain/EnglishTutor.Modules.Exercises.Domain.csproj" />
    <Project Path="src/Modules/Exercises/EnglishTutor.Modules.Exercises.Application/EnglishTutor.Modules.Exercises.Application.csproj" />
    <Project Path="src/Modules/Exercises/EnglishTutor.Modules.Exercises.Infrastructure/EnglishTutor.Modules.Exercises.Infrastructure.csproj" />
    <Project Path="src/Modules/Exercises/EnglishTutor.Modules.Exercises.Presentation/EnglishTutor.Modules.Exercises.Presentation.csproj" />
    <Project Path="src/Modules/Exercises/EnglishTutor.Modules.Exercises.Contracts/EnglishTutor.Modules.Exercises.Contracts.csproj" />
  </Folder>

  <!-- Modules/Speaking -->
  <Folder Name="/Modules/Speaking/">
    <Project Path="src/Modules/Speaking/EnglishTutor.Modules.Speaking.Domain/EnglishTutor.Modules.Speaking.Domain.csproj" />
    <Project Path="src/Modules/Speaking/EnglishTutor.Modules.Speaking.Application/EnglishTutor.Modules.Speaking.Application.csproj" />
    <Project Path="src/Modules/Speaking/EnglishTutor.Modules.Speaking.Infrastructure/EnglishTutor.Modules.Speaking.Infrastructure.csproj" />
    <Project Path="src/Modules/Speaking/EnglishTutor.Modules.Speaking.Presentation/EnglishTutor.Modules.Speaking.Presentation.csproj" />
    <Project Path="src/Modules/Speaking/EnglishTutor.Modules.Speaking.Contracts/EnglishTutor.Modules.Speaking.Contracts.csproj" />
  </Folder>

  <!-- Modules/AI -->
  <Folder Name="/Modules/AI/">
    <Project Path="src/Modules/AI/EnglishTutor.Modules.AI.Domain/EnglishTutor.Modules.AI.Domain.csproj" />
    <Project Path="src/Modules/AI/EnglishTutor.Modules.AI.Application/EnglishTutor.Modules.AI.Application.csproj" />
    <Project Path="src/Modules/AI/EnglishTutor.Modules.AI.Infrastructure/EnglishTutor.Modules.AI.Infrastructure.csproj" />
    <Project Path="src/Modules/AI/EnglishTutor.Modules.AI.Presentation/EnglishTutor.Modules.AI.Presentation.csproj" />
    <Project Path="src/Modules/AI/EnglishTutor.Modules.AI.Contracts/EnglishTutor.Modules.AI.Contracts.csproj" />
  </Folder>

  <!-- Modules/Mistakes -->
  <Folder Name="/Modules/Mistakes/">
    <Project Path="src/Modules/Mistakes/EnglishTutor.Modules.Mistakes.Domain/EnglishTutor.Modules.Mistakes.Domain.csproj" />
    <Project Path="src/Modules/Mistakes/EnglishTutor.Modules.Mistakes.Application/EnglishTutor.Modules.Mistakes.Application.csproj" />
    <Project Path="src/Modules/Mistakes/EnglishTutor.Modules.Mistakes.Infrastructure/EnglishTutor.Modules.Mistakes.Infrastructure.csproj" />
    <Project Path="src/Modules/Mistakes/EnglishTutor.Modules.Mistakes.Presentation/EnglishTutor.Modules.Mistakes.Presentation.csproj" />
    <Project Path="src/Modules/Mistakes/EnglishTutor.Modules.Mistakes.Contracts/EnglishTutor.Modules.Mistakes.Contracts.csproj" />
  </Folder>

  <!-- Modules/Assessments -->
  <Folder Name="/Modules/Assessments/">
    <Project Path="src/Modules/Assessments/EnglishTutor.Modules.Assessments.Domain/EnglishTutor.Modules.Assessments.Domain.csproj" />
    <Project Path="src/Modules/Assessments/EnglishTutor.Modules.Assessments.Application/EnglishTutor.Modules.Assessments.Application.csproj" />
    <Project Path="src/Modules/Assessments/EnglishTutor.Modules.Assessments.Infrastructure/EnglishTutor.Modules.Assessments.Infrastructure.csproj" />
    <Project Path="src/Modules/Assessments/EnglishTutor.Modules.Assessments.Presentation/EnglishTutor.Modules.Assessments.Presentation.csproj" />
    <Project Path="src/Modules/Assessments/EnglishTutor.Modules.Assessments.Contracts/EnglishTutor.Modules.Assessments.Contracts.csproj" />
  </Folder>

  <!-- Modules/Progress -->
  <Folder Name="/Modules/Progress/">
    <Project Path="src/Modules/Progress/EnglishTutor.Modules.Progress.Domain/EnglishTutor.Modules.Progress.Domain.csproj" />
    <Project Path="src/Modules/Progress/EnglishTutor.Modules.Progress.Application/EnglishTutor.Modules.Progress.Application.csproj" />
    <Project Path="src/Modules/Progress/EnglishTutor.Modules.Progress.Infrastructure/EnglishTutor.Modules.Progress.Infrastructure.csproj" />
    <Project Path="src/Modules/Progress/EnglishTutor.Modules.Progress.Presentation/EnglishTutor.Modules.Progress.Presentation.csproj" />
    <Project Path="src/Modules/Progress/EnglishTutor.Modules.Progress.Contracts/EnglishTutor.Modules.Progress.Contracts.csproj" />
  </Folder>

  <!-- Modules/Notifications -->
  <Folder Name="/Modules/Notifications/">
    <Project Path="src/Modules/Notifications/EnglishTutor.Modules.Notifications.Domain/EnglishTutor.Modules.Notifications.Domain.csproj" />
    <Project Path="src/Modules/Notifications/EnglishTutor.Modules.Notifications.Application/EnglishTutor.Modules.Notifications.Application.csproj" />
    <Project Path="src/Modules/Notifications/EnglishTutor.Modules.Notifications.Infrastructure/EnglishTutor.Modules.Notifications.Infrastructure.csproj" />
    <Project Path="src/Modules/Notifications/EnglishTutor.Modules.Notifications.Presentation/EnglishTutor.Modules.Notifications.Presentation.csproj" />
    <Project Path="src/Modules/Notifications/EnglishTutor.Modules.Notifications.Contracts/EnglishTutor.Modules.Notifications.Contracts.csproj" />
  </Folder>

  <!-- Modules/AdminReports -->
  <Folder Name="/Modules/AdminReports/">
    <Project Path="src/Modules/AdminReports/EnglishTutor.Modules.AdminReports.Domain/EnglishTutor.Modules.AdminReports.Domain.csproj" />
    <Project Path="src/Modules/AdminReports/EnglishTutor.Modules.AdminReports.Application/EnglishTutor.Modules.AdminReports.Application.csproj" />
    <Project Path="src/Modules/AdminReports/EnglishTutor.Modules.AdminReports.Infrastructure/EnglishTutor.Modules.AdminReports.Infrastructure.csproj" />
    <Project Path="src/Modules/AdminReports/EnglishTutor.Modules.AdminReports.Presentation/EnglishTutor.Modules.AdminReports.Presentation.csproj" />
    <Project Path="src/Modules/AdminReports/EnglishTutor.Modules.AdminReports.Contracts/EnglishTutor.Modules.AdminReports.Contracts.csproj" />
  </Folder>

  <!-- Tests -->
  <Folder Name="/Tests/">
    <Project Path="tests/EnglishTutor.IntegrationTests/EnglishTutor.IntegrationTests.csproj" />
    <Project Path="tests/EnglishTutor.ArchitectureTests/EnglishTutor.ArchitectureTests.csproj" />
    <Project Path="tests/EnglishTutor.Modules.Auth.UnitTests/EnglishTutor.Modules.Auth.UnitTests.csproj" />
    <Project Path="tests/EnglishTutor.Modules.Users.UnitTests/EnglishTutor.Modules.Users.UnitTests.csproj" />
    <Project Path="tests/EnglishTutor.Modules.AI.UnitTests/EnglishTutor.Modules.AI.UnitTests.csproj" />
    <Project Path="tests/EnglishTutor.Modules.Vocabulary.UnitTests/EnglishTutor.Modules.Vocabulary.UnitTests.csproj" />
    <Project Path="tests/EnglishTutor.Modules.Speaking.UnitTests/EnglishTutor.Modules.Speaking.UnitTests.csproj" />
    <Project Path="tests/EnglishTutor.Modules.StudyPlans.UnitTests/EnglishTutor.Modules.StudyPlans.UnitTests.csproj" />
    <Project Path="tests/EnglishTutor.Modules.Notifications.UnitTests/EnglishTutor.Modules.Notifications.UnitTests.csproj" />
    <Project Path="tests/EnglishTutor.Modules.LearningContent.UnitTests/EnglishTutor.Modules.LearningContent.UnitTests.csproj" />
    <Project Path="tests/EnglishTutor.Modules.Exercises.UnitTests/EnglishTutor.Modules.Exercises.UnitTests.csproj" />
    <Project Path="tests/EnglishTutor.Modules.Mistakes.UnitTests/EnglishTutor.Modules.Mistakes.UnitTests.csproj" />
    <Project Path="tests/EnglishTutor.Modules.Progress.UnitTests/EnglishTutor.Modules.Progress.UnitTests.csproj" />
    <Project Path="tests/EnglishTutor.Modules.AdminReports.UnitTests/EnglishTutor.Modules.AdminReports.UnitTests.csproj" />
    <Project Path="tests/EnglishTutor.Worker.UnitTests/EnglishTutor.Worker.UnitTests.csproj" />
  </Folder>
</Solution>
